
Microsoft Visual Studio Solution File, Format Version 12.00
# Visual Studio 15
VisualStudioVersion = 15.0.27004.2009
MinimumVisualStudioVersion = 10.0.40219.1
Project("{FAE04EC0-301F-11D3-BF4B-00C04F79EFBC}") = "CumulusPro.Saml.Prototype", "CumulusPro.Saml.Prototype\CumulusPro.Saml.Prototype.csproj", "{B59BFA8E-5D26-4AF3-BB47-75A534E720BD}"
EndProject
Project("{2150E333-8FDC-42A3-9474-1A3956D46DE8}") = "Sustainsys.Saml2", "Sustainsys.Saml2", "{45848803-C987-438D-8DB8-32A69FD9CE50}"
EndProject
Project("{FAE04EC0-301F-11D3-BF4B-00C04F79EFBC}") = "Sustainsys.Saml2", "Sustainsys.Saml2\Sustainsys.Saml2\Sustainsys.Saml2.csproj", "{93BA675E-A159-4701-B68B-C4B81015C556}"
EndProject
Project("{FAE04EC0-301F-11D3-BF4B-00C04F79EFBC}") = "Sustainsys.Saml2.HttpModule", "Sustainsys.Saml2\Sustainsys.Saml2.HttpModule\Sustainsys.Saml2.HttpModule.csproj", "{86A588E8-2E2D-4394-9545-24D8EA939CF2}"
EndProject
Project("{FAE04EC0-301F-11D3-BF4B-00C04F79EFBC}") = "Sustainsys.Saml2.Mvc", "Sustainsys.Saml2\Sustainsys.Saml2.Mvc\Sustainsys.Saml2.Mvc.csproj", "{7D32F0A3-CEC8-4DC6-A096-5905EA9C3770}"
EndProject
Global
	GlobalSection(SolutionConfigurationPlatforms) = preSolution
		Debug|Any CPU = Debug|Any CPU
		Release|Any CPU = Release|Any CPU
	EndGlobalSection
	GlobalSection(ProjectConfigurationPlatforms) = postSolution
		{B59BFA8E-5D26-4AF3-BB47-75A534E720BD}.Debug|Any CPU.ActiveCfg = Debug|Any CPU
		{B59BFA8E-5D26-4AF3-BB47-75A534E720BD}.Debug|Any CPU.Build.0 = Debug|Any CPU
		{B59BFA8E-5D26-4AF3-BB47-75A534E720BD}.Release|Any CPU.ActiveCfg = Release|Any CPU
		{B59BFA8E-5D26-4AF3-BB47-75A534E720BD}.Release|Any CPU.Build.0 = Release|Any CPU
		{93BA675E-A159-4701-B68B-C4B81015C556}.Debug|Any CPU.ActiveCfg = Debug|Any CPU
		{93BA675E-A159-4701-B68B-C4B81015C556}.Debug|Any CPU.Build.0 = Debug|Any CPU
		{93BA675E-A159-4701-B68B-C4B81015C556}.Release|Any CPU.ActiveCfg = Release|Any CPU
		{93BA675E-A159-4701-B68B-C4B81015C556}.Release|Any CPU.Build.0 = Release|Any CPU
		{86A588E8-2E2D-4394-9545-24D8EA939CF2}.Debug|Any CPU.ActiveCfg = Debug|Any CPU
		{86A588E8-2E2D-4394-9545-24D8EA939CF2}.Debug|Any CPU.Build.0 = Debug|Any CPU
		{86A588E8-2E2D-4394-9545-24D8EA939CF2}.Release|Any CPU.ActiveCfg = Release|Any CPU
		{86A588E8-2E2D-4394-9545-24D8EA939CF2}.Release|Any CPU.Build.0 = Release|Any CPU
		{7D32F0A3-CEC8-4DC6-A096-5905EA9C3770}.Debug|Any CPU.ActiveCfg = Debug|Any CPU
		{7D32F0A3-CEC8-4DC6-A096-5905EA9C3770}.Debug|Any CPU.Build.0 = Debug|Any CPU
		{7D32F0A3-CEC8-4DC6-A096-5905EA9C3770}.Release|Any CPU.ActiveCfg = Release|Any CPU
		{7D32F0A3-CEC8-4DC6-A096-5905EA9C3770}.Release|Any CPU.Build.0 = Release|Any CPU
	EndGlobalSection
	GlobalSection(SolutionProperties) = preSolution
		HideSolutionNode = FALSE
	EndGlobalSection
	GlobalSection(NestedProjects) = preSolution
		{93BA675E-A159-4701-B68B-C4B81015C556} = {45848803-C987-438D-8DB8-32A69FD9CE50}
		{86A588E8-2E2D-4394-9545-24D8EA939CF2} = {45848803-C987-438D-8DB8-32A69FD9CE50}
		{7D32F0A3-CEC8-4DC6-A096-5905EA9C3770} = {45848803-C987-438D-8DB8-32A69FD9CE50}
	EndGlobalSection
	GlobalSection(ExtensibilityGlobals) = postSolution
		SolutionGuid = {D6235122-97C2-465D-A361-74673817734C}
	EndGlobalSection
EndGlobal
